Microsoft Visual Studio Solution File, Format Version 12.00
# Visual Studio Version 17
VisualStudioVersion = 17.5.2.0
MinimumVisualStudioVersion = 10.0.40219.1
Project("{FAE04EC0-301F-11D3-BF4B-00C04F79EFBC}") = "ProjectLab_Drawing_Tests", "ProjectLab_Drawing_Tests.csproj", "{210864E4-B9A5-F772-7910-3488A22006EF}"
EndProject
Project("{FAE04EC0-301F-11D3-BF4B-00C04F79EFBC}") = "ProjectLab_Drawing_Tests_local", "ProjectLab_Drawing_Tests_local.csproj", "{237F9FB4-96BB-9966-9C4B-BABB04076F58}"
EndProject
Project("{2150E333-8FDC-42A3-9474-1A3956D46DE8}") = "external", "external", "{02EA681E-C7D8-13C7-8484-4AC65E1B71E8}"
EndProject
Project("{FAE04EC0-301F-11D3-BF4B-00C04F79EFBC}") = "Meadow.Contracts", "..\..\..\..\Meadow.Contracts\Source\Meadow.Contracts\Meadow.Contracts.csproj", "{87A7923D-D212-3FE0-2145-3D19B264BA0C}"
EndProject
Project("{FAE04EC0-301F-11D3-BF4B-00C04F79EFBC}") = "Meadow.Core", "..\..\..\..\Meadow.Core\source\Meadow.Core\Meadow.Core.csproj", "{83DDEB57-0CA2-D62C-A7D2-C6C99B497BBF}"
EndProject
Project("{FAE04EC0-301F-11D3-BF4B-00C04F79EFBC}") = "Meadow.F7", "..\..\..\..\Meadow.Core\source\implementations\f7\Meadow.F7\Meadow.F7.csproj", "{A0950B3A-EBD3-8952-787B-D8CC4258BFDE}"
EndProject
Project("{FAE04EC0-301F-11D3-BF4B-00C04F79EFBC}") = "Meadow.Foundation.Core", "..\..\..\..\Meadow.Foundation\Source\Meadow.Foundation.Core\Meadow.Foundation.Core.csproj", "{61B79142-E132-8A1A-D823-A52418D7749F}"
EndProject
Project("{FAE04EC0-301F-11D3-BF4B-00C04F79EFBC}") = "Displays.TftSpi", "..\..\..\..\Meadow.Foundation\Source\Meadow.Foundation.Peripherals\Displays.TftSpi\Driver\Displays.TftSpi.csproj", "{2FE97295-BF0D-2575-A2E4-452A0228849F}"
EndProject
Project("{FAE04EC0-301F-11D3-BF4B-00C04F79EFBC}") = "ICs.IOExpanders.Mcp23xxx", "..\..\..\..\Meadow.Foundation\Source\Meadow.Foundation.Peripherals\ICs.IOExpanders.Mcp23xxx\Driver\ICs.IOExpanders.Mcp23xxx.csproj", "{BB793243-CEF3-BDDF-BDCC-9CCD6B456E37}"
EndProject
Project("{FAE04EC0-301F-11D3-BF4B-00C04F79EFBC}") = "Sensors.Atmospheric.Bme68x", "..\..\..\..\Meadow.Foundation\Source\Meadow.Foundation.Peripherals\Sensors.Atmospheric.Bme68x\Driver\Sensors.Atmospheric.Bme68x.csproj", "{4EEC1F69-D114-CACD-DC41-A3DD53942ADE}"
EndProject
Project("{FAE04EC0-301F-11D3-BF4B-00C04F79EFBC}") = "Sensors.Light.Bh1750", "..\..\..\..\Meadow.Foundation\Source\Meadow.Foundation.Peripherals\Sensors.Light.Bh1750\Driver\Sensors.Light.Bh1750.csproj", "{25E09AB1-6D26-192F-BFEA-82A56D402A07}"
EndProject
Project("{FAE04EC0-301F-11D3-BF4B-00C04F79EFBC}") = "Meadow.Logging", "..\..\..\..\Meadow.Logging\Source\Meadow.Logging\lib\Meadow.Logging.csproj", "{92367226-BA97-5F3B-ED8B-3AD46C15F44B}"
EndProject
Project("{FAE04EC0-301F-11D3-BF4B-00C04F79EFBC}") = "Meadow.ProjectLab", "..\..\..\..\Meadow.ProjectLab\Source\Meadow.ProjectLab\Meadow.ProjectLab.csproj", "{5310DB50-7B82-6F87-C352-5BC183F419E8}"
EndProject
Global
	GlobalSection(SolutionConfigurationPlatforms) = preSolution
		Debug|Any CPU = Debug|Any CPU
		Release|Any CPU = Release|Any CPU
	EndGlobalSection
	GlobalSection(ProjectConfigurationPlatforms) = postSolution
		{210864E4-B9A5-F772-7910-3488A22006EF}.Debug|Any CPU.ActiveCfg = Debug|Any CPU
		{210864E4-B9A5-F772-7910-3488A22006EF}.Debug|Any CPU.Build.0 = Debug|Any CPU
		{210864E4-B9A5-F772-7910-3488A22006EF}.Release|Any CPU.ActiveCfg = Release|Any CPU
		{210864E4-B9A5-F772-7910-3488A22006EF}.Release|Any CPU.Build.0 = Release|Any CPU
		{237F9FB4-96BB-9966-9C4B-BABB04076F58}.Debug|Any CPU.ActiveCfg = Debug|Any CPU
		{237F9FB4-96BB-9966-9C4B-BABB04076F58}.Debug|Any CPU.Build.0 = Debug|Any CPU
		{237F9FB4-96BB-9966-9C4B-BABB04076F58}.Release|Any CPU.ActiveCfg = Release|Any CPU
		{237F9FB4-96BB-9966-9C4B-BABB04076F58}.Release|Any CPU.Build.0 = Release|Any CPU
		{87A7923D-D212-3FE0-2145-3D19B264BA0C}.Debug|Any CPU.ActiveCfg = Debug|Any CPU
		{87A7923D-D212-3FE0-2145-3D19B264BA0C}.Debug|Any CPU.Build.0 = Debug|Any CPU
		{87A7923D-D212-3FE0-2145-3D19B264BA0C}.Release|Any CPU.ActiveCfg = Release|Any CPU
		{87A7923D-D212-3FE0-2145-3D19B264BA0C}.Release|Any CPU.Build.0 = Release|Any CPU
		{83DDEB57-0CA2-D62C-A7D2-C6C99B497BBF}.Debug|Any CPU.ActiveCfg = Debug|Any CPU
		{83DDEB57-0CA2-D62C-A7D2-C6C99B497BBF}.Debug|Any CPU.Build.0 = Debug|Any CPU
		{83DDEB57-0CA2-D62C-A7D2-C6C99B497BBF}.Release|Any CPU.ActiveCfg = Release|Any CPU
		{83DDEB57-0CA2-D62C-A7D2-C6C99B497BBF}.Release|Any CPU.Build.0 = Release|Any CPU
		{A0950B3A-EBD3-8952-787B-D8CC4258BFDE}.Debug|Any CPU.ActiveCfg = Debug|Any CPU
		{A0950B3A-EBD3-8952-787B-D8CC4258BFDE}.Debug|Any CPU.Build.0 = Debug|Any CPU
		{A0950B3A-EBD3-8952-787B-D8CC4258BFDE}.Release|Any CPU.ActiveCfg = Release|Any CPU
		{A0950B3A-EBD3-8952-787B-D8CC4258BFDE}.Release|Any CPU.Build.0 = Release|Any CPU
		{61B79142-E132-8A1A-D823-A52418D7749F}.Debug|Any CPU.ActiveCfg = Debug|Any CPU
		{61B79142-E132-8A1A-D823-A52418D7749F}.Debug|Any CPU.Build.0 = Debug|Any CPU
		{61B79142-E132-8A1A-D823-A52418D7749F}.Release|Any CPU.ActiveCfg = Release|Any CPU
		{61B79142-E132-8A1A-D823-A52418D7749F}.Release|Any CPU.Build.0 = Release|Any CPU
		{2FE97295-BF0D-2575-A2E4-452A0228849F}.Debug|Any CPU.ActiveCfg = Debug|Any CPU
		{2FE97295-BF0D-2575-A2E4-452A0228849F}.Debug|Any CPU.Build.0 = Debug|Any CPU
		{2FE97295-BF0D-2575-A2E4-452A0228849F}.Release|Any CPU.ActiveCfg = Release|Any CPU
		{2FE97295-BF0D-2575-A2E4-452A0228849F}.Release|Any CPU.Build.0 = Release|Any CPU
		{BB793243-CEF3-BDDF-BDCC-9CCD6B456E37}.Debug|Any CPU.ActiveCfg = Debug|Any CPU
		{BB793243-CEF3-BDDF-BDCC-9CCD6B456E37}.Debug|Any CPU.Build.0 = Debug|Any CPU
		{BB793243-CEF3-BDDF-BDCC-9CCD6B456E37}.Release|Any CPU.ActiveCfg = Release|Any CPU
		{BB793243-CEF3-BDDF-BDCC-9CCD6B456E37}.Release|Any CPU.Build.0 = Release|Any CPU
		{4EEC1F69-D114-CACD-DC41-A3DD53942ADE}.Debug|Any CPU.ActiveCfg = Debug|Any CPU
		{4EEC1F69-D114-CACD-DC41-A3DD53942ADE}.Debug|Any CPU.Build.0 = Debug|Any CPU
		{4EEC1F69-D114-CACD-DC41-A3DD53942ADE}.Release|Any CPU.ActiveCfg = Release|Any CPU
		{4EEC1F69-D114-CACD-DC41-A3DD53942ADE}.Release|Any CPU.Build.0 = Release|Any CPU
		{25E09AB1-6D26-192F-BFEA-82A56D402A07}.Debug|Any CPU.ActiveCfg = Debug|Any CPU
		{25E09AB1-6D26-192F-BFEA-82A56D402A07}.Debug|Any CPU.Build.0 = Debug|Any CPU
		{25E09AB1-6D26-192F-BFEA-82A56D402A07}.Release|Any CPU.ActiveCfg = Release|Any CPU
		{25E09AB1-6D26-192F-BFEA-82A56D402A07}.Release|Any CPU.Build.0 = Release|Any CPU
		{92367226-BA97-5F3B-ED8B-3AD46C15F44B}.Debug|Any CPU.ActiveCfg = Debug|Any CPU
		{92367226-BA97-5F3B-ED8B-3AD46C15F44B}.Debug|Any CPU.Build.0 = Debug|Any CPU
		{92367226-BA97-5F3B-ED8B-3AD46C15F44B}.Release|Any CPU.ActiveCfg = Release|Any CPU
		{92367226-BA97-5F3B-ED8B-3AD46C15F44B}.Release|Any CPU.Build.0 = Release|Any CPU
		{5310DB50-7B82-6F87-C352-5BC183F419E8}.Debug|Any CPU.ActiveCfg = Debug|Any CPU
		{5310DB50-7B82-6F87-C352-5BC183F419E8}.Debug|Any CPU.Build.0 = Debug|Any CPU
		{5310DB50-7B82-6F87-C352-5BC183F419E8}.Release|Any CPU.ActiveCfg = Release|Any CPU
		{5310DB50-7B82-6F87-C352-5BC183F419E8}.Release|Any CPU.Build.0 = Release|Any CPU
	EndGlobalSection
	GlobalSection(SolutionProperties) = preSolution
		HideSolutionNode = FALSE
	EndGlobalSection
	GlobalSection(NestedProjects) = preSolution
		{87A7923D-D212-3FE0-2145-3D19B264BA0C} = {02EA681E-C7D8-13C7-8484-4AC65E1B71E8}
		{83DDEB57-0CA2-D62C-A7D2-C6C99B497BBF} = {02EA681E-C7D8-13C7-8484-4AC65E1B71E8}
		{A0950B3A-EBD3-8952-787B-D8CC4258BFDE} = {02EA681E-C7D8-13C7-8484-4AC65E1B71E8}
		{61B79142-E132-8A1A-D823-A52418D7749F} = {02EA681E-C7D8-13C7-8484-4AC65E1B71E8}
		{2FE97295-BF0D-2575-A2E4-452A0228849F} = {02EA681E-C7D8-13C7-8484-4AC65E1B71E8}
		{BB793243-CEF3-BDDF-BDCC-9CCD6B456E37} = {02EA681E-C7D8-13C7-8484-4AC65E1B71E8}
		{4EEC1F69-D114-CACD-DC41-A3DD53942ADE} = {02EA681E-C7D8-13C7-8484-4AC65E1B71E8}
		{25E09AB1-6D26-192F-BFEA-82A56D402A07} = {02EA681E-C7D8-13C7-8484-4AC65E1B71E8}
		{92367226-BA97-5F3B-ED8B-3AD46C15F44B} = {02EA681E-C7D8-13C7-8484-4AC65E1B71E8}
		{5310DB50-7B82-6F87-C352-5BC183F419E8} = {02EA681E-C7D8-13C7-8484-4AC65E1B71E8}
	EndGlobalSection
	GlobalSection(ExtensibilityGlobals) = postSolution
		SolutionGuid = {3E9ACA9C-F77E-4BEC-9EEF-865E22FAABB6}
	EndGlobalSection
EndGlobal
