Microsoft Visual Studio Solution File, Format Version 12.00
# Visual Studio Version 17
VisualStudioVersion = 17.0.32014.148
MinimumVisualStudioVersion = 10.0.40219.1
Project("{9A19103F-16F7-4668-BE54-9A1E7A4F7556}") = "ProjectLab_Drawing_Tests", "ProjectLab_Drawing_Tests\ProjectLab_Drawing_Tests.csproj", "{FCAA1A58-2FB8-4863-AD79-1A7FC8656E50}"
EndProject
Global
	GlobalSection(SolutionConfigurationPlatforms) = preSolution
		Debug|Any CPU = Debug|Any CPU
		Release|Any CPU = Release|Any CPU
	EndGlobalSection
	GlobalSection(ProjectConfigurationPlatforms) = postSolution
		{FCAA1A58-2FB8-4863-AD79-1A7FC8656E50}.Debug|Any CPU.ActiveCfg = Debug|Any CPU
		{FCAA1A58-2FB8-4863-AD79-1A7FC8656E50}.Debug|Any CPU.Build.0 = Debug|Any CPU
		{FCAA1A58-2FB8-4863-AD79-1A7FC8656E50}.Release|Any CPU.ActiveCfg = Release|Any CPU
		{FCAA1A58-2FB8-4863-AD79-1A7FC8656E50}.Release|Any CPU.Build.0 = Release|Any CPU
	EndGlobalSection
	GlobalSection(SolutionProperties) = preSolution
		HideSolutionNode = FALSE
	EndGlobalSection
	GlobalSection(ExtensibilityGlobals) = postSolution
		SolutionGuid = {04112AB6-9592-4060-BD8D-231EE21195FC}
	EndGlobalSection
EndGlobal
